
Microsoft Visual Studio Solution File, Format Version 12.00
# Visual Studio 15
VisualStudioVersion = 15.0.27130.2010
MinimumVisualStudioVersion = 10.0.40219.1
Project("{FAE04EC0-301F-11D3-BF4B-00C04F79EFBC}") = "MarketAnalysis", "MarketAnalysis\MarketAnalysis.csproj", "{970EDDB6-3B88-4060-AA0D-52B2D7531F01}"
EndProject
Global
	GlobalSection(SolutionConfigurationPlatforms) = preSolution
		Debug|Any CPU = Debug|Any CPU
		Release|Any CPU = Release|Any CPU
	EndGlobalSection
	GlobalSection(ProjectConfigurationPlatforms) = postSolution
		{970EDDB6-3B88-4060-AA0D-52B2D7531F01}.Debug|Any CPU.ActiveCfg = Debug|Any CPU
		{970EDDB6-3B88-4060-AA0D-52B2D7531F01}.Debug|Any CPU.Build.0 = Debug|Any CPU
		{970EDDB6-3B88-4060-AA0D-52B2D7531F01}.Release|Any CPU.ActiveCfg = Release|Any CPU
		{970EDDB6-3B88-4060-AA0D-52B2D7531F01}.Release|Any CPU.Build.0 = Release|Any CPU
	EndGlobalSection
	GlobalSection(SolutionProperties) = preSolution
		HideSolutionNode = FALSE
	EndGlobalSection
	GlobalSection(ExtensibilityGlobals) = postSolution
		SolutionGuid = {8CB5D0F9-0F04-492E-9865-7C61F4A774DB}
	EndGlobalSection
EndGlobal
