
Microsoft Visual Studio Solution File, Format Version 12.00
# Visual Studio Version 16
VisualStudioVersion = 16.0.30717.126
MinimumVisualStudioVersion = 10.0.40219.1
Project("{9A19103F-16F7-4668-BE54-9A1E7A4F7556}") = "MarketAnalysis", "MarketAnalysis\MarketAnalysis.csproj", "{970EDDB6-3B88-4060-AA0D-52B2D7531F01}"
EndProject
Project("{9A19103F-16F7-4668-BE54-9A1E7A4F7556}") = "MarketAnalysisTests", "MarketAnalysisTests\MarketAnalysisTests.csproj", "{05CEDEE9-A153-4232-BE9F-3EECD6C420F2}"
EndProject
Global
	GlobalSection(SolutionConfigurationPlatforms) = preSolution
		Debug|Any CPU = Debug|Any CPU
		Release|Any CPU = Release|Any CPU
	EndGlobalSection
	GlobalSection(ProjectConfigurationPlatforms) = postSolution
		{970EDDB6-3B88-4060-AA0D-52B2D7531F01}.Debug|Any CPU.ActiveCfg = Debug|Any CPU
		{970EDDB6-3B88-4060-AA0D-52B2D7531F01}.Debug|Any CPU.Build.0 = Debug|Any CPU
		{970EDDB6-3B88-4060-AA0D-52B2D7531F01}.Release|Any CPU.ActiveCfg = Release|Any CPU
		{970EDDB6-3B88-4060-AA0D-52B2D7531F01}.Release|Any CPU.Build.0 = Release|Any CPU
		{05CEDEE9-A153-4232-BE9F-3EECD6C420F2}.Debug|Any CPU.ActiveCfg = Debug|Any CPU
		{05CEDEE9-A153-4232-BE9F-3EECD6C420F2}.Debug|Any CPU.Build.0 = Debug|Any CPU
		{05CEDEE9-A153-4232-BE9F-3EECD6C420F2}.Release|Any CPU.ActiveCfg = Release|Any CPU
		{05CEDEE9-A153-4232-BE9F-3EECD6C420F2}.Release|Any CPU.Build.0 = Release|Any CPU
	EndGlobalSection
	GlobalSection(SolutionProperties) = preSolution
		HideSolutionNode = FALSE
	EndGlobalSection
	GlobalSection(ExtensibilityGlobals) = postSolution
		SolutionGuid = {8CB5D0F9-0F04-492E-9865-7C61F4A774DB}
	EndGlobalSection
EndGlobal
